// !$*UTF8*$!
{
	archiveVersion = 1;
	classes = {
	};
	objectVersion = 51;
	objects = {

/* Begin PBXBuildFile section */
		7813DAE66D527F0B5886AEC1 /* Pods_checkPractice.framework in Frameworks */ = {isa = PBXBuildFile; fileRef = 80A96AA82685D04500D2B2FC /* Pods_checkPractice.framework */; };
		8030D34F2681D9130059F7CA /* AppDelegate.swift in Sources */ = {isa = PBXBuildFile; fileRef = 8030D34E2681D9130059F7CA /* AppDelegate.swift */; };
		8030D3512681D9130059F7CA /* SceneDelegate.swift in Sources */ = {isa = PBXBuildFile; fileRef = 8030D3502681D9130059F7CA /* SceneDelegate.swift */; };
		8030D3532681D9130059F7CA /* ViewController.swift in Sources */ = {isa = PBXBuildFile; fileRef = 8030D3522681D9130059F7CA /* ViewController.swift */; };
		8030D3582681D9140059F7CA /* Assets.xcassets in Resources */ = {isa = PBXBuildFile; fileRef = 8030D3572681D9140059F7CA /* Assets.xcassets */; };
		8030D35B2681D9140059F7CA /* LaunchScreen.storyboard in Resources */ = {isa = PBXBuildFile; fileRef = 8030D3592681D9140059F7CA /* LaunchScreen.storyboard */; };
		8030D3692681FCD90059F7CA /* NavigationBar.xib in Resources */ = {isa = PBXBuildFile; fileRef = 8030D3682681FCD90059F7CA /* NavigationBar.xib */; };
		8030D36B268200560059F7CA /* NavigationBar.swift in Sources */ = {isa = PBXBuildFile; fileRef = 8030D36A268200560059F7CA /* NavigationBar.swift */; };
		8040876D2684B23500350E65 /* FirstViewCell.swift in Sources */ = {isa = PBXBuildFile; fileRef = 8040876C2684B23500350E65 /* FirstViewCell.swift */; };
		8040876F2684B24100350E65 /* HeaderView.xib in Resources */ = {isa = PBXBuildFile; fileRef = 8040876E2684B24100350E65 /* HeaderView.xib */; };
		80C63721268339B400D23A9A /* Main.storyboard in Resources */ = {isa = PBXBuildFile; fileRef = 8030D3552681D9130059F7CA /* Main.storyboard */; };
/* End PBXBuildFile section */

/* Begin PBXFileReference section */
		8030D34B2681D9130059F7CA /* checkPractice.app */ = {isa = PBXFileReference; explicitFileType = wrapper.application; includeInIndex = 0; path = checkPractice.app; sourceTree = BUILT_PRODUCTS_DIR; };
		8030D34E2681D9130059F7CA /* AppDelegate.swift */ = {isa = PBXFileReference; lastKnownFileType = sourcecode.swift; path = AppDelegate.swift; sourceTree = "<group>"; };
		8030D3502681D9130059F7CA /* SceneDelegate.swift */ = {isa = PBXFileReference; lastKnownFileType = sourcecode.swift; path = SceneDelegate.swift; sourceTree = "<group>"; };
		8030D3522681D9130059F7CA /* ViewController.swift */ = {isa = PBXFileReference; lastKnownFileType = sourcecode.swift; path = ViewController.swift; sourceTree = "<group>"; };
		8030D3552681D9130059F7CA /* Main.storyboard */ = {isa = PBXFileReference; lastKnownFileType = file.storyboard; name = Main.storyboard; path = Base.lproj/Main.storyboard; sourceTree = "<group>"; };
		8030D3572681D9140059F7CA /* Assets.xcassets */ = {isa = PBXFileReference; lastKnownFileType = folder.assetcatalog; path = Assets.xcassets; sourceTree = "<group>"; };
		8030D35A2681D9140059F7CA /* Base */ = {isa = PBXFileReference; lastKnownFileType = file.storyboard; name = Base; path = Base.lproj/LaunchScreen.storyboard; sourceTree = "<group>"; };
		8030D35C2681D9140059F7CA /* Info.plist */ = {isa = PBXFileReference; lastKnownFileType = text.plist.xml; path = Info.plist; sourceTree = "<group>"; };
		8030D3682681FCD90059F7CA /* NavigationBar.xib */ = {isa = PBXFileReference; lastKnownFileType = file.xib; path = NavigationBar.xib; sourceTree = "<group>"; };
		8030D36A268200560059F7CA /* NavigationBar.swift */ = {isa = PBXFileReference; lastKnownFileType = sourcecode.swift; path = NavigationBar.swift; sourceTree = "<group>"; };
		8040876C2684B23500350E65 /* FirstViewCell.swift */ = {isa = PBXFileReference; fileEncoding = 4; lastKnownFileType = sourcecode.swift; name = FirstViewCell.swift; path = HeaderView/FirstViewCell.swift; sourceTree = "<group>"; };
		8040876E2684B24100350E65 /* HeaderView.xib */ = {isa = PBXFileReference; fileEncoding = 4; lastKnownFileType = file.xib; name = HeaderView.xib; path = HeaderView/HeaderView.xib; sourceTree = "<group>"; };
		804B604F2685D5020053C6DF /* Alamofire.framework */ = {isa = PBXFileReference; explicitFileType = wrapper.framework; path = Alamofire.framework; sourceTree = BUILT_PRODUCTS_DIR; };
		80A96AA42685D03C00D2B2FC /* Alamofire.framework */ = {isa = PBXFileReference; explicitFileType = wrapper.framework; path = Alamofire.framework; sourceTree = BUILT_PRODUCTS_DIR; };
		80A96AA82685D04500D2B2FC /* Pods_checkPractice.framework */ = {isa = PBXFileReference; explicitFileType = wrapper.framework; path = Pods_checkPractice.framework; sourceTree = BUILT_PRODUCTS_DIR; };
		8298BD2C44E672436CC345F5 /* Pods-checkPractice.release.xcconfig */ = {isa = PBXFileReference; includeInIndex = 1; lastKnownFileType = text.xcconfig; name = "Pods-checkPractice.release.xcconfig"; path = "Target Support Files/Pods-checkPractice/Pods-checkPractice.release.xcconfig"; sourceTree = "<group>"; };
		FD2B0DF7D74554B5B2878DAE /* Pods-checkPractice.debug.xcconfig */ = {isa = PBXFileReference; includeInIndex = 1; lastKnownFileType = text.xcconfig; name = "Pods-checkPractice.debug.xcconfig"; path = "Target Support Files/Pods-checkPractice/Pods-checkPractice.debug.xcconfig"; sourceTree = "<group>"; };
/* End PBXFileReference section */

/* Begin PBXFrameworksBuildPhase section */
		8030D3482681D9130059F7CA /* Frameworks */ = {
			isa = PBXFrameworksBuildPhase;
			buildActionMask = 2147483647;
			files = (
				7813DAE66D527F0B5886AEC1 /* Pods_checkPractice.framework in Frameworks */,
			);
			runOnlyForDeploymentPostprocessing = 0;
		};
/* End PBXFrameworksBuildPhase section */

/* Begin PBXGroup section */
		25E8F41AF86C33720CB133F0 /* Pods */ = {
			isa = PBXGroup;
			children = (
				FD2B0DF7D74554B5B2878DAE /* Pods-checkPractice.debug.xcconfig */,
				8298BD2C44E672436CC345F5 /* Pods-checkPractice.release.xcconfig */,
			);
			path = Pods;
			sourceTree = "<group>";
		};
		8030D3422681D9130059F7CA = {
			isa = PBXGroup;
			children = (
				8030D34D2681D9130059F7CA /* checkPractice */,
				8030D34C2681D9130059F7CA /* Products */,
				80A96AA32685D03C00D2B2FC /* Frameworks */,
				25E8F41AF86C33720CB133F0 /* Pods */,
			);
			sourceTree = "<group>";
		};
		8030D34C2681D9130059F7CA /* Products */ = {
			isa = PBXGroup;
			children = (
				8030D34B2681D9130059F7CA /* checkPractice.app */,
			);
			name = Products;
			sourceTree = "<group>";
		};
		8030D34D2681D9130059F7CA /* checkPractice */ = {
			isa = PBXGroup;
			children = (
				8030D3652681DC9D0059F7CA /* Main */,
				8030D3622681DC340059F7CA /* Module */,
				8030D3552681D9130059F7CA /* Main.storyboard */,
				8030D3572681D9140059F7CA /* Assets.xcassets */,
				8030D3592681D9140059F7CA /* LaunchScreen.storyboard */,
				8030D35C2681D9140059F7CA /* Info.plist */,
			);
			path = checkPractice;
			sourceTree = "<group>";
		};
		8030D3622681DC340059F7CA /* Module */ = {
			isa = PBXGroup;
			children = (
				8040876E2684B24100350E65 /* HeaderView.xib */,
				8040876C2684B23500350E65 /* FirstViewCell.swift */,
				80C6371C2683217200D23A9A /* NavigationBar */,
				8030D3522681D9130059F7CA /* ViewController.swift */,
			);
			path = Module;
			sourceTree = "<group>";
		};
		8030D3652681DC9D0059F7CA /* Main */ = {
			isa = PBXGroup;
			children = (
				8030D3502681D9130059F7CA /* SceneDelegate.swift */,
				8030D34E2681D9130059F7CA /* AppDelegate.swift */,
			);
			path = Main;
			sourceTree = "<group>";
		};
		80A96AA32685D03C00D2B2FC /* Frameworks */ = {
			isa = PBXGroup;
			children = (
				804B604F2685D5020053C6DF /* Alamofire.framework */,
				80A96AA82685D04500D2B2FC /* Pods_checkPractice.framework */,
				80A96AA42685D03C00D2B2FC /* Alamofire.framework */,
			);
			name = Frameworks;
			sourceTree = "<group>";
		};
		80C6371C2683217200D23A9A /* NavigationBar */ = {
			isa = PBXGroup;
			children = (
				8030D3682681FCD90059F7CA /* NavigationBar.xib */,
				8030D36A268200560059F7CA /* NavigationBar.swift */,
			);
			path = NavigationBar;
			sourceTree = "<group>";
		};
/* End PBXGroup section */

/* Begin PBXNativeTarget section */
		8030D34A2681D9130059F7CA /* checkPractice */ = {
			isa = PBXNativeTarget;
			buildConfigurationList = 8030D35F2681D9140059F7CA /* Build configuration list for PBXNativeTarget "checkPractice" */;
			buildPhases = (
				9BB0068B224ECB5E246591EE /* [CP] Check Pods Manifest.lock */,
				8030D3472681D9130059F7CA /* Sources */,
				8030D3482681D9130059F7CA /* Frameworks */,
				8030D3492681D9130059F7CA /* Resources */,
				EF7C561686A0B11DA807C190 /* [CP] Embed Pods Frameworks */,
			);
			buildRules = (
			);
			dependencies = (
			);
			name = checkPractice;
			productName = checkPractice;
			productReference = 8030D34B2681D9130059F7CA /* checkPractice.app */;
			productType = "com.apple.product-type.application";
		};
/* End PBXNativeTarget section */

/* Begin PBXProject section */
		8030D3432681D9130059F7CA /* Project object */ = {
			isa = PBXProject;
			attributes = {
				LastSwiftUpdateCheck = 1250;
				LastUpgradeCheck = 1250;
				TargetAttributes = {
					8030D34A2681D9130059F7CA = {
						CreatedOnToolsVersion = 12.5;
					};
				};
			};
			buildConfigurationList = 8030D3462681D9130059F7CA /* Build configuration list for PBXProject "checkPractice" */;
			compatibilityVersion = "Xcode 9.3";
			developmentRegion = en;
			hasScannedForEncodings = 0;
			knownRegions = (
				en,
				Base,
			);
			mainGroup = 8030D3422681D9130059F7CA;
			productRefGroup = 8030D34C2681D9130059F7CA /* Products */;
			projectDirPath = "";
			projectRoot = "";
			targets = (
				8030D34A2681D9130059F7CA /* checkPractice */,
			);
		};
/* End PBXProject section */

/* Begin PBXResourcesBuildPhase section */
		8030D3492681D9130059F7CA /* Resources */ = {
			isa = PBXResourcesBuildPhase;
			buildActionMask = 2147483647;
			files = (
				8030D3692681FCD90059F7CA /* NavigationBar.xib in Resources */,
				8040876F2684B24100350E65 /* HeaderView.xib in Resources */,
				8030D35B2681D9140059F7CA /* LaunchScreen.storyboard in Resources */,
				8030D3582681D9140059F7CA /* Assets.xcassets in Resources */,
				80C63721268339B400D23A9A /* Main.storyboard in Resources */,
			);
			runOnlyForDeploymentPostprocessing = 0;
		};
/* End PBXResourcesBuildPhase section */

/* Begin PBXShellScriptBuildPhase section */
		9BB0068B224ECB5E246591EE /* [CP] Check Pods Manifest.lock */ = {
			isa = PBXShellScriptBuildPhase;
			buildActionMask = 2147483647;
			files = (
			);
			inputFileListPaths = (
			);
			inputPaths = (
				"${PODS_PODFILE_DIR_PATH}/Podfile.lock",
				"${PODS_ROOT}/Manifest.lock",
			);
			name = "[CP] Check Pods Manifest.lock";
			outputFileListPaths = (
			);
			outputPaths = (
				"$(DERIVED_FILE_DIR)/Pods-checkPractice-checkManifestLockResult.txt",
			);
			runOnlyForDeploymentPostprocessing = 0;
			shellPath = /bin/sh;
			shellScript = "diff \"${PODS_PODFILE_DIR_PATH}/Podfile.lock\" \"${PODS_ROOT}/Manifest.lock\" > /dev/null\nif [ $? != 0 ] ; then\n    # print error to STDERR\n    echo \"error: The sandbox is not in sync with the Podfile.lock. Run 'pod install' or update your CocoaPods installation.\" >&2\n    exit 1\nfi\n# This output is used by Xcode 'outputs' to avoid re-running this script phase.\necho \"SUCCESS\" > \"${SCRIPT_OUTPUT_FILE_0}\"\n";
			showEnvVarsInLog = 0;
		};
		EF7C561686A0B11DA807C190 /* [CP] Embed Pods Frameworks */ = {
			isa = PBXShellScriptBuildPhase;
			buildActionMask = 2147483647;
			files = (
			);
			inputFileListPaths = (
				"${PODS_ROOT}/Target Support Files/Pods-checkPractice/Pods-checkPractice-frameworks-${CONFIGURATION}-input-files.xcfilelist",
			);
			name = "[CP] Embed Pods Frameworks";
			outputFileListPaths = (
				"${PODS_ROOT}/Target Support Files/Pods-checkPractice/Pods-checkPractice-frameworks-${CONFIGURATION}-output-files.xcfilelist",
			);
			runOnlyForDeploymentPostprocessing = 0;
			shellPath = /bin/sh;
			shellScript = "\"${PODS_ROOT}/Target Support Files/Pods-checkPractice/Pods-checkPractice-frameworks.sh\"\n";
			showEnvVarsInLog = 0;
		};
/* End PBXShellScriptBuildPhase section */

/* Begin PBXSourcesBuildPhase section */
		8030D3472681D9130059F7CA /* Sources */ = {
			isa = PBXSourcesBuildPhase;
			buildActionMask = 2147483647;
			files = (
				8030D36B268200560059F7CA /* NavigationBar.swift in Sources */,
				8030D3532681D9130059F7CA /* ViewController.swift in Sources */,
				8040876D2684B23500350E65 /* FirstViewCell.swift in Sources */,
				8030D34F2681D9130059F7CA /* AppDelegate.swift in Sources */,
				8030D3512681D9130059F7CA /* SceneDelegate.swift in Sources */,
			);
			runOnlyForDeploymentPostprocessing = 0;
		};
/* End PBXSourcesBuildPhase section */

/* Begin PBXVariantGroup section */
		8030D3592681D9140059F7CA /* LaunchScreen.storyboard */ = {
			isa = PBXVariantGroup;
			children = (
				8030D35A2681D9140059F7CA /* Base */,
			);
			name = LaunchScreen.storyboard;
			sourceTree = "<group>";
		};
/* End PBXVariantGroup section */

/* Begin XCBuildConfiguration section */
		8030D35D2681D9140059F7CA /* Debug */ = {
			isa = XCBuildConfiguration;
			buildSettings = {
				ALWAYS_SEARCH_USER_PATHS = NO;
				CLANG_ANALYZER_NONNULL = YES;
				CLANG_ANALYZER_NUMBER_OBJECT_CONVERSION = YES_AGGRESSIVE;
				CLANG_CXX_LANGUAGE_STANDARD = "gnu++14";
				CLANG_CXX_LIBRARY = "libc++";
				CLANG_ENABLE_MODULES = YES;
				CLANG_ENABLE_OBJC_ARC = YES;
				CLANG_ENABLE_OBJC_WEAK = YES;
				CLANG_WARN_BLOCK_CAPTURE_AUTORELEASING = YES;
				CLANG_WARN_BOOL_CONVERSION = YES;
				CLANG_WARN_COMMA = YES;
				CLANG_WARN_CONSTANT_CONVERSION = YES;
				CLANG_WARN_DEPRECATED_OBJC_IMPLEMENTATIONS = YES;
				CLANG_WARN_DIRECT_OBJC_ISA_USAGE = YES_ERROR;
				CLANG_WARN_DOCUMENTATION_COMMENTS = YES;
				CLANG_WARN_EMPTY_BODY = YES;
				CLANG_WARN_ENUM_CONVERSION = YES;
				CLANG_WARN_INFINITE_RECURSION = YES;
				CLANG_WARN_INT_CONVERSION = YES;
				CLANG_WARN_NON_LITERAL_NULL_CONVERSION = YES;
				CLANG_WARN_OBJC_IMPLICIT_RETAIN_SELF = YES;
				CLANG_WARN_OBJC_LITERAL_CONVERSION = YES;
				CLANG_WARN_OBJC_ROOT_CLASS = YES_ERROR;
				CLANG_WARN_QUOTED_INCLUDE_IN_FRAMEWORK_HEADER = YES;
				CLANG_WARN_RANGE_LOOP_ANALYSIS = YES;
				CLANG_WARN_STRICT_PROTOTYPES = YES;
				CLANG_WARN_SUSPICIOUS_MOVE = YES;
				CLANG_WARN_UNGUARDED_AVAILABILITY = YES_AGGRESSIVE;
				CLANG_WARN_UNREACHABLE_CODE = YES;
				CLANG_WARN__DUPLICATE_METHOD_MATCH = YES;
				COPY_PHASE_STRIP = NO;
				DEBUG_INFORMATION_FORMAT = dwarf;
				ENABLE_STRICT_OBJC_MSGSEND = YES;
				ENABLE_TESTABILITY = YES;
				GCC_C_LANGUAGE_STANDARD = gnu11;
				GCC_DYNAMIC_NO_PIC = NO;
				GCC_NO_COMMON_BLOCKS = YES;
				GCC_OPTIMIZATION_LEVEL = 0;
				GCC_PREPROCESSOR_DEFINITIONS = (
					"DEBUG=1",
					"$(inherited)",
				);
				GCC_WARN_64_TO_32_BIT_CONVERSION = YES;
				GCC_WARN_ABOUT_RETURN_TYPE = YES_ERROR;
				GCC_WARN_UNDECLARED_SELECTOR = YES;
				GCC_WARN_UNINITIALIZED_AUTOS = YES_AGGRESSIVE;
				GCC_WARN_UNUSED_FUNCTION = YES;
				GCC_WARN_UNUSED_VARIABLE = YES;
				IPHONEOS_DEPLOYMENT_TARGET = 14.5;
				MTL_ENABLE_DEBUG_INFO = INCLUDE_SOURCE;
				MTL_FAST_MATH = YES;
				ONLY_ACTIVE_ARCH = YES;
				SDKROOT = iphoneos;
				SWIFT_ACTIVE_COMPILATION_CONDITIONS = DEBUG;
				SWIFT_OPTIMIZATION_LEVEL = "-Onone";
			};
			name = Debug;
		};
		8030D35E2681D9140059F7CA /* Release */ = {
			isa = XCBuildConfiguration;
			buildSettings = {
				ALWAYS_SEARCH_USER_PATHS = NO;
				CLANG_ANALYZER_NONNULL = YES;
				CLANG_ANALYZER_NUMBER_OBJECT_CONVERSION = YES_AGGRESSIVE;
				CLANG_CXX_LANGUAGE_STANDARD = "gnu++14";
				CLANG_CXX_LIBRARY = "libc++";
				CLANG_ENABLE_MODULES = YES;
				CLANG_ENABLE_OBJC_ARC = YES;
				CLANG_ENABLE_OBJC_WEAK = YES;
				CLANG_WARN_BLOCK_CAPTURE_AUTORELEASING = YES;
				CLANG_WARN_BOOL_CONVERSION = YES;
				CLANG_WARN_COMMA = YES;
				CLANG_WARN_CONSTANT_CONVERSION = YES;
				CLANG_WARN_DEPRECATED_OBJC_IMPLEMENTATIONS = YES;
				CLANG_WARN_DIRECT_OBJC_ISA_USAGE = YES_ERROR;
				CLANG_WARN_DOCUMENTATION_COMMENTS = YES;
				CLANG_WARN_EMPTY_BODY = YES;
				CLANG_WARN_ENUM_CONVERSION = YES;
				CLANG_WARN_INFINITE_RECURSION = YES;
				CLANG_WARN_INT_CONVERSION = YES;
				CLANG_WARN_NON_LITERAL_NULL_CONVERSION = YES;
				CLANG_WARN_OBJC_IMPLICIT_RETAIN_SELF = YES;
				CLANG_WARN_OBJC_LITERAL_CONVERSION = YES;
				CLANG_WARN_OBJC_ROOT_CLASS = YES_ERROR;
				CLANG_WARN_QUOTED_INCLUDE_IN_FRAMEWORK_HEADER = YES;
				CLANG_WARN_RANGE_LOOP_ANALYSIS = YES;
				CLANG_WARN_STRICT_PROTOTYPES = YES;
				CLANG_WARN_SUSPICIOUS_MOVE = YES;
				CLANG_WARN_UNGUARDED_AVAILABILITY = YES_AGGRESSIVE;
				CLANG_WARN_UNREACHABLE_CODE = YES;
				CLANG_WARN__DUPLICATE_METHOD_MATCH = YES;
				COPY_PHASE_STRIP = NO;
				DEBUG_INFORMATION_FORMAT = "dwarf-with-dsym";
				ENABLE_NS_ASSERTIONS = NO;
				ENABLE_STRICT_OBJC_MSGSEND = YES;
				GCC_C_LANGUAGE_STANDARD = gnu11;
				GCC_NO_COMMON_BLOCKS = YES;
				GCC_WARN_64_TO_32_BIT_CONVERSION = YES;
				GCC_WARN_ABOUT_RETURN_TYPE = YES_ERROR;
				GCC_WARN_UNDECLARED_SELECTOR = YES;
				GCC_WARN_UNINITIALIZED_AUTOS = YES_AGGRESSIVE;
				GCC_WARN_UNUSED_FUNCTION = YES;
				GCC_WARN_UNUSED_VARIABLE = YES;
				IPHONEOS_DEPLOYMENT_TARGET = 14.5;
				MTL_ENABLE_DEBUG_INFO = NO;
				MTL_FAST_MATH = YES;
				SDKROOT = iphoneos;
				SWIFT_COMPILATION_MODE = wholemodule;
				SWIFT_OPTIMIZATION_LEVEL = "-O";
				VALIDATE_PRODUCT = YES;
			};
			name = Release;
		};
		8030D3602681D9140059F7CA /* Debug */ = {
			isa = XCBuildConfiguration;
			baseConfigurationReference = FD2B0DF7D74554B5B2878DAE /* Pods-checkPractice.debug.xcconfig */;
			buildSettings = {
				ASSETCATALOG_COMPILER_APPICON_NAME = AppIcon;
				ASSETCATALOG_COMPILER_GLOBAL_ACCENT_COLOR_NAME = AccentColor;
				CODE_SIGN_STYLE = Automatic;
				DEVELOPMENT_TEAM = PB2UZTF69V;
				INFOPLIST_FILE = checkPractice/Info.plist;
				LD_RUNPATH_SEARCH_PATHS = (
					"$(inherited)",
					"@executable_path/Frameworks",
				);
				PRODUCT_BUNDLE_IDENTIFIER = BSS.checkPractice;
				PRODUCT_NAME = "$(TARGET_NAME)";
				SWIFT_VERSION = 5.0;
				TARGETED_DEVICE_FAMILY = "1,2";
			};
			name = Debug;
		};
		8030D3612681D9140059F7CA /* Release */ = {
			isa = XCBuildConfiguration;
			baseConfigurationReference = 8298BD2C44E672436CC345F5 /* Pods-checkPractice.release.xcconfig */;
			buildSettings = {
				ASSETCATALOG_COMPILER_APPICON_NAME = AppIcon;
				ASSETCATALOG_COMPILER_GLOBAL_ACCENT_COLOR_NAME = AccentColor;
				CODE_SIGN_STYLE = Automatic;
				DEVELOPMENT_TEAM = PB2UZTF69V;
				INFOPLIST_FILE = checkPractice/Info.plist;
				LD_RUNPATH_SEARCH_PATHS = (
					"$(inherited)",
					"@executable_path/Frameworks",
				);
				PRODUCT_BUNDLE_IDENTIFIER = BSS.checkPractice;
				PRODUCT_NAME = "$(TARGET_NAME)";
				SWIFT_VERSION = 5.0;
				TARGETED_DEVICE_FAMILY = "1,2";
			};
			name = Release;
		};
/* End XCBuildConfiguration section */

/* Begin XCConfigurationList section */
		8030D3462681D9130059F7CA /* Build configuration list for PBXProject "checkPractice" */ = {
			isa = XCConfigurationList;
			buildConfigurations = (
				8030D35D2681D9140059F7CA /* Debug */,
				8030D35E2681D9140059F7CA /* Release */,
			);
			defaultConfigurationIsVisible = 0;
			defaultConfigurationName = Release;
		};
		8030D35F2681D9140059F7CA /* Build configuration list for PBXNativeTarget "checkPractice" */ = {
			isa = XCConfigurationList;
			buildConfigurations = (
				8030D3602681D9140059F7CA /* Debug */,
				8030D3612681D9140059F7CA /* Release */,
			);
			defaultConfigurationIsVisible = 0;
			defaultConfigurationName = Release;
		};
/* End XCConfigurationList section */
	};
	rootObject = 8030D3432681D9130059F7CA /* Project object */;
}
